
Microsoft Visual Studio Solution File, Format Version 12.00
Project("{2150E333-8FDC-42A3-9474-1A3956D46DE8}") = "src", "src", "{23E3D2D4-3A2E-4BB0-9A98-1D172EA32236}"
EndProject
Project("{2150E333-8FDC-42A3-9474-1A3956D46DE8}") = "Api", "Api", "{656A98B1-38B3-42F1-824A-5977A6855EF3}"
EndProject
Project("{2150E333-8FDC-42A3-9474-1A3956D46DE8}") = "Clients", "Clients", "{893EF30D-A874-4A47-8B3E-B80580AEE53B}"
EndProject
Project("{2150E333-8FDC-42A3-9474-1A3956D46DE8}") = "Common", "Common", "{E40C42A2-A1A7-4244-8133-585C3ECC4D9A}"
EndProject
Project("{2150E333-8FDC-42A3-9474-1A3956D46DE8}") = "Projections", "Projections", "{4761A718-8377-4FB6-A4D3-4885231D5854}"
EndProject
Project("{2150E333-8FDC-42A3-9474-1A3956D46DE8}") = "Core", "Core", "{C222285C-ED4A-4F17-99B2-1A78912901A3}"
EndProject
Project("{2150E333-8FDC-42A3-9474-1A3956D46DE8}") = "Infrastructure", "Infrastructure", "{924E5398-F83A-497E-BAE6-8646D6C6E141}"
EndProject
Project("{2150E333-8FDC-42A3-9474-1A3956D46DE8}") = "WebApi", "WebApi", "{96E1BDBF-1583-42AC-8CEA-56F406A57D7E}"
EndProject
Project("{2150E333-8FDC-42A3-9474-1A3956D46DE8}") = "BlazzorWeb", "BlazzorWeb", "{EF2813F0-83F4-4374-B3B6-59EF82F50C26}"
EndProject
Project("{FAE04EC0-301F-11D3-BF4B-00C04F79EFBC}") = "Sozluk.Common", "src\Common\Sozluk.Common\Sozluk.Common.csproj", "{423AA450-0E1F-444E-8EFF-AD14929BBE0C}"
EndProject
Project("{FAE04EC0-301F-11D3-BF4B-00C04F79EFBC}") = "Sozluk.Api.Domain", "src\Api\Core\Sozluk.Api.Domain\Sozluk.Api.Domain.csproj", "{FD8FDDF4-86B0-4544-A911-14161D6FAF51}"
EndProject
Project("{FAE04EC0-301F-11D3-BF4B-00C04F79EFBC}") = "Sozluk.Api.Application", "src\Api\Core\Sozluk.Api.Application\Sozluk.Api.Application.csproj", "{3FA880C3-5074-4EBE-B369-933BABE1B1BA}"
EndProject
Project("{FAE04EC0-301F-11D3-BF4B-00C04F79EFBC}") = "Sozluk.Infrastructure.Persistence", "src\Api\Infrastructure\Sozluk.Infrastructure.Persistence\Sozluk.Infrastructure.Persistence.csproj", "{5185DADE-B6E0-4B90-B087-E372BD32E10E}"
EndProject
Project("{FAE04EC0-301F-11D3-BF4B-00C04F79EFBC}") = "Sozluk.Api.WebApi", "src\Api\WebApi\Sozluk.Api.WebApi\Sozluk.Api.WebApi.csproj", "{8E404CB5-C615-49CC-A825-1DE880C36F98}"
EndProject
Project("{FAE04EC0-301F-11D3-BF4B-00C04F79EFBC}") = "Sozluk.Projections.FavoriteService", "src\Projections\Sozluk.Projections.FavoriteService\Sozluk.Projections.FavoriteService.csproj", "{6685FF02-9E74-43B5-8365-E698B066B39F}"
EndProject
Project("{FAE04EC0-301F-11D3-BF4B-00C04F79EFBC}") = "Sozluk.Projections.UserService", "src\Projections\Sozluk.Projections.UserService\Sozluk.Projections.UserService.csproj", "{D144BCB2-F4F3-4EA7-A084-CCE6841036BC}"
EndProject
Project("{FAE04EC0-301F-11D3-BF4B-00C04F79EFBC}") = "Sozluk.Projections.VoteService", "src\Projections\Sozluk.Projections.VoteService\Sozluk.Projections.VoteService.csproj", "{BCED6C10-6211-4215-9216-491B11D5FCB0}"
EndProject
Project("{FAE04EC0-301F-11D3-BF4B-00C04F79EFBC}") = "Sozluk.WebApp", "src\Clients\BlazzorWeb\Sozluk.WebApp\Sozluk.WebApp.csproj", "{5B50C282-2B36-47C8-A920-E6D03408D847}"
EndProject
Global
	GlobalSection(SolutionConfigurationPlatforms) = preSolution
		Debug|Any CPU = Debug|Any CPU
		Release|Any CPU = Release|Any CPU
	EndGlobalSection
	GlobalSection(NestedProjects) = preSolution
		{656A98B1-38B3-42F1-824A-5977A6855EF3} = {23E3D2D4-3A2E-4BB0-9A98-1D172EA32236}
		{893EF30D-A874-4A47-8B3E-B80580AEE53B} = {23E3D2D4-3A2E-4BB0-9A98-1D172EA32236}
		{E40C42A2-A1A7-4244-8133-585C3ECC4D9A} = {23E3D2D4-3A2E-4BB0-9A98-1D172EA32236}
		{4761A718-8377-4FB6-A4D3-4885231D5854} = {23E3D2D4-3A2E-4BB0-9A98-1D172EA32236}
		{C222285C-ED4A-4F17-99B2-1A78912901A3} = {656A98B1-38B3-42F1-824A-5977A6855EF3}
		{924E5398-F83A-497E-BAE6-8646D6C6E141} = {656A98B1-38B3-42F1-824A-5977A6855EF3}
		{96E1BDBF-1583-42AC-8CEA-56F406A57D7E} = {656A98B1-38B3-42F1-824A-5977A6855EF3}
		{EF2813F0-83F4-4374-B3B6-59EF82F50C26} = {893EF30D-A874-4A47-8B3E-B80580AEE53B}
		{423AA450-0E1F-444E-8EFF-AD14929BBE0C} = {E40C42A2-A1A7-4244-8133-585C3ECC4D9A}
		{FD8FDDF4-86B0-4544-A911-14161D6FAF51} = {C222285C-ED4A-4F17-99B2-1A78912901A3}
		{3FA880C3-5074-4EBE-B369-933BABE1B1BA} = {C222285C-ED4A-4F17-99B2-1A78912901A3}
		{5185DADE-B6E0-4B90-B087-E372BD32E10E} = {924E5398-F83A-497E-BAE6-8646D6C6E141}
		{8E404CB5-C615-49CC-A825-1DE880C36F98} = {96E1BDBF-1583-42AC-8CEA-56F406A57D7E}
		{6685FF02-9E74-43B5-8365-E698B066B39F} = {4761A718-8377-4FB6-A4D3-4885231D5854}
		{D144BCB2-F4F3-4EA7-A084-CCE6841036BC} = {4761A718-8377-4FB6-A4D3-4885231D5854}
		{BCED6C10-6211-4215-9216-491B11D5FCB0} = {4761A718-8377-4FB6-A4D3-4885231D5854}
		{5B50C282-2B36-47C8-A920-E6D03408D847} = {EF2813F0-83F4-4374-B3B6-59EF82F50C26}
	EndGlobalSection
	GlobalSection(ProjectConfigurationPlatforms) = postSolution
		{423AA450-0E1F-444E-8EFF-AD14929BBE0C}.Debug|Any CPU.ActiveCfg = Debug|Any CPU
		{423AA450-0E1F-444E-8EFF-AD14929BBE0C}.Debug|Any CPU.Build.0 = Debug|Any CPU
		{423AA450-0E1F-444E-8EFF-AD14929BBE0C}.Release|Any CPU.ActiveCfg = Release|Any CPU
		{423AA450-0E1F-444E-8EFF-AD14929BBE0C}.Release|Any CPU.Build.0 = Release|Any CPU
		{FD8FDDF4-86B0-4544-A911-14161D6FAF51}.Debug|Any CPU.ActiveCfg = Debug|Any CPU
		{FD8FDDF4-86B0-4544-A911-14161D6FAF51}.Debug|Any CPU.Build.0 = Debug|Any CPU
		{FD8FDDF4-86B0-4544-A911-14161D6FAF51}.Release|Any CPU.ActiveCfg = Release|Any CPU
		{FD8FDDF4-86B0-4544-A911-14161D6FAF51}.Release|Any CPU.Build.0 = Release|Any CPU
		{3FA880C3-5074-4EBE-B369-933BABE1B1BA}.Debug|Any CPU.ActiveCfg = Debug|Any CPU
		{3FA880C3-5074-4EBE-B369-933BABE1B1BA}.Debug|Any CPU.Build.0 = Debug|Any CPU
		{3FA880C3-5074-4EBE-B369-933BABE1B1BA}.Release|Any CPU.ActiveCfg = Release|Any CPU
		{3FA880C3-5074-4EBE-B369-933BABE1B1BA}.Release|Any CPU.Build.0 = Release|Any CPU
		{5185DADE-B6E0-4B90-B087-E372BD32E10E}.Debug|Any CPU.ActiveCfg = Debug|Any CPU
		{5185DADE-B6E0-4B90-B087-E372BD32E10E}.Debug|Any CPU.Build.0 = Debug|Any CPU
		{5185DADE-B6E0-4B90-B087-E372BD32E10E}.Release|Any CPU.ActiveCfg = Release|Any CPU
		{5185DADE-B6E0-4B90-B087-E372BD32E10E}.Release|Any CPU.Build.0 = Release|Any CPU
		{8E404CB5-C615-49CC-A825-1DE880C36F98}.Debug|Any CPU.ActiveCfg = Debug|Any CPU
		{8E404CB5-C615-49CC-A825-1DE880C36F98}.Debug|Any CPU.Build.0 = Debug|Any CPU
		{8E404CB5-C615-49CC-A825-1DE880C36F98}.Release|Any CPU.ActiveCfg = Release|Any CPU
		{8E404CB5-C615-49CC-A825-1DE880C36F98}.Release|Any CPU.Build.0 = Release|Any CPU
		{6685FF02-9E74-43B5-8365-E698B066B39F}.Debug|Any CPU.ActiveCfg = Debug|Any CPU
		{6685FF02-9E74-43B5-8365-E698B066B39F}.Debug|Any CPU.Build.0 = Debug|Any CPU
		{6685FF02-9E74-43B5-8365-E698B066B39F}.Release|Any CPU.ActiveCfg = Release|Any CPU
		{6685FF02-9E74-43B5-8365-E698B066B39F}.Release|Any CPU.Build.0 = Release|Any CPU
		{D144BCB2-F4F3-4EA7-A084-CCE6841036BC}.Debug|Any CPU.ActiveCfg = Debug|Any CPU
		{D144BCB2-F4F3-4EA7-A084-CCE6841036BC}.Debug|Any CPU.Build.0 = Debug|Any CPU
		{D144BCB2-F4F3-4EA7-A084-CCE6841036BC}.Release|Any CPU.ActiveCfg = Release|Any CPU
		{D144BCB2-F4F3-4EA7-A084-CCE6841036BC}.Release|Any CPU.Build.0 = Release|Any CPU
		{BCED6C10-6211-4215-9216-491B11D5FCB0}.Debug|Any CPU.ActiveCfg = Debug|Any CPU
		{BCED6C10-6211-4215-9216-491B11D5FCB0}.Debug|Any CPU.Build.0 = Debug|Any CPU
		{BCED6C10-6211-4215-9216-491B11D5FCB0}.Release|Any CPU.ActiveCfg = Release|Any CPU
		{BCED6C10-6211-4215-9216-491B11D5FCB0}.Release|Any CPU.Build.0 = Release|Any CPU
		{5B50C282-2B36-47C8-A920-E6D03408D847}.Debug|Any CPU.ActiveCfg = Debug|Any CPU
		{5B50C282-2B36-47C8-A920-E6D03408D847}.Debug|Any CPU.Build.0 = Debug|Any CPU
		{5B50C282-2B36-47C8-A920-E6D03408D847}.Release|Any CPU.ActiveCfg = Release|Any CPU
		{5B50C282-2B36-47C8-A920-E6D03408D847}.Release|Any CPU.Build.0 = Release|Any CPU
	EndGlobalSection
EndGlobal
